// !$*UTF8*$!
{
	archiveVersion = 1;
	classes = {
	};
	objectVersion = 50;
	objects = {

/* Begin PBXBuildFile section */
		2001E4F62789D595007F171B /* Assets.xcassets in Resources */ = {isa = PBXBuildFile; fileRef = 2001E4F52789D595007F171B /* Assets.xcassets */; };
		2001E4F92789D595007F171B /* LaunchScreen.storyboard in Resources */ = {isa = PBXBuildFile; fileRef = 2001E4F72789D595007F171B /* LaunchScreen.storyboard */; };
		2001E4FC2789D595007F171B /* main.m in Sources */ = {isa = PBXBuildFile; fileRef = 2001E4FB2789D595007F171B /* main.m */; };
		2001E5082789D61F007F171B /* ViewController.m in Sources */ = {isa = PBXBuildFile; fileRef = 2001E5032789D61F007F171B /* ViewController.m */; };
		2001E5092789D61F007F171B /* SceneDelegate.m in Sources */ = {isa = PBXBuildFile; fileRef = 2001E5052789D61F007F171B /* SceneDelegate.m */; };
		2001E50A2789D61F007F171B /* AppDelegate.m in Sources */ = {isa = PBXBuildFile; fileRef = 2001E5072789D61F007F171B /* AppDelegate.m */; };
		2001E50D2789D658007F171B /* Main.storyboard in Resources */ = {isa = PBXBuildFile; fileRef = 2001E50B2789D658007F171B /* Main.storyboard */; };
/* End PBXBuildFile section */

/* Begin PBXFileReference section */
		2001E4E62789D591007F171B /* 下拉二楼.app */ = {isa = PBXFileReference; explicitFileType = wrapper.application; includeInIndex = 0; path = "下拉二楼.app"; sourceTree = BUILT_PRODUCTS_DIR; };
		2001E4F52789D595007F171B /* Assets.xcassets */ = {isa = PBXFileReference; lastKnownFileType = folder.assetcatalog; path = Assets.xcassets; sourceTree = "<group>"; };
		2001E4F82789D595007F171B /* Base */ = {isa = PBXFileReference; lastKnownFileType = file.storyboard; name = Base; path = Base.lproj/LaunchScreen.storyboard; sourceTree = "<group>"; };
		2001E4FA2789D595007F171B /* Info.plist */ = {isa = PBXFileReference; lastKnownFileType = text.plist.xml; path = Info.plist; sourceTree = "<group>"; };
		2001E4FB2789D595007F171B /* main.m */ = {isa = PBXFileReference; lastKnownFileType = sourcecode.c.objc; path = main.m; sourceTree = "<group>"; };
		2001E5022789D61F007F171B /* AppDelegate.h */ = {isa = PBXFileReference; fileEncoding = 4; lastKnownFileType = sourcecode.c.h; path = AppDelegate.h; sourceTree = "<group>"; };
		2001E5032789D61F007F171B /* ViewController.m */ = {isa = PBXFileReference; fileEncoding = 4; lastKnownFileType = sourcecode.c.objc; path = ViewController.m; sourceTree = "<group>"; };
		2001E5042789D61F007F171B /* SceneDelegate.h */ = {isa = PBXFileReference; fileEncoding = 4; lastKnownFileType = sourcecode.c.h; path = SceneDelegate.h; sourceTree = "<group>"; };
		2001E5052789D61F007F171B /* SceneDelegate.m */ = {isa = PBXFileReference; fileEncoding = 4; lastKnownFileType = sourcecode.c.objc; path = SceneDelegate.m; sourceTree = "<group>"; };
		2001E5062789D61F007F171B /* ViewController.h */ = {isa = PBXFileReference; fileEncoding = 4; lastKnownFileType = sourcecode.c.h; path = ViewController.h; sourceTree = "<group>"; };
		2001E5072789D61F007F171B /* AppDelegate.m */ = {isa = PBXFileReference; fileEncoding = 4; lastKnownFileType = sourcecode.c.objc; path = AppDelegate.m; sourceTree = "<group>"; };
		2001E50C2789D658007F171B /* Base */ = {isa = PBXFileReference; lastKnownFileType = file.storyboard; name = Base; path = Base.lproj/Main.storyboard; sourceTree = "<group>"; };
/* End PBXFileReference section */

/* Begin PBXFrameworksBuildPhase section */
		2001E4E32789D591007F171B /* Frameworks */ = {
			isa = PBXFrameworksBuildPhase;
			buildActionMask = 2147483647;
			files = (
			);
			runOnlyForDeploymentPostprocessing = 0;
		};
/* End PBXFrameworksBuildPhase section */

/* Begin PBXGroup section */
		2001E4DD2789D591007F171B = {
			isa = PBXGroup;
			children = (
				2001E4E82789D592007F171B /* 下拉二楼 */,
				2001E4E72789D591007F171B /* Products */,
			);
			sourceTree = "<group>";
		};
		2001E4E72789D591007F171B /* Products */ = {
			isa = PBXGroup;
			children = (
				2001E4E62789D591007F171B /* 下拉二楼.app */,
			);
			name = Products;
			sourceTree = "<group>";
		};
		2001E4E82789D592007F171B /* 下拉二楼 */ = {
			isa = PBXGroup;
			children = (
				2001E50B2789D658007F171B /* Main.storyboard */,
				2001E5022789D61F007F171B /* AppDelegate.h */,
				2001E5072789D61F007F171B /* AppDelegate.m */,
				2001E5042789D61F007F171B /* SceneDelegate.h */,
				2001E5052789D61F007F171B /* SceneDelegate.m */,
				2001E5062789D61F007F171B /* ViewController.h */,
				2001E5032789D61F007F171B /* ViewController.m */,
				2001E4F52789D595007F171B /* Assets.xcassets */,
				2001E4F72789D595007F171B /* LaunchScreen.storyboard */,
				2001E4FA2789D595007F171B /* Info.plist */,
				2001E4FB2789D595007F171B /* main.m */,
			);
			path = "下拉二楼";
			sourceTree = "<group>";
		};
/* End PBXGroup section */

/* Begin PBXNativeTarget section */
		2001E4E52789D591007F171B /* 下拉二楼 */ = {
			isa = PBXNativeTarget;
			buildConfigurationList = 2001E4FF2789D595007F171B /* Build configuration list for PBXNativeTarget "下拉二楼" */;
			buildPhases = (
				2001E4E22789D591007F171B /* Sources */,
				2001E4E32789D591007F171B /* Frameworks */,
				2001E4E42789D591007F171B /* Resources */,
			);
			buildRules = (
			);
			dependencies = (
			);
			name = "下拉二楼";
			productName = "下拉二楼";
			productReference = 2001E4E62789D591007F171B /* 下拉二楼.app */;
			productType = "com.apple.product-type.application";
		};
/* End PBXNativeTarget section */

/* Begin PBXProject section */
		2001E4DE2789D591007F171B /* Project object */ = {
			isa = PBXProject;
			attributes = {
				LastUpgradeCheck = 1250;
				TargetAttributes = {
					2001E4E52789D591007F171B = {
						CreatedOnToolsVersion = 12.5.1;
					};
				};
			};
			buildConfigurationList = 2001E4E12789D591007F171B /* Build configuration list for PBXProject "下拉二楼" */;
			compatibilityVersion = "Xcode 9.3";
			developmentRegion = en;
			hasScannedForEncodings = 0;
			knownRegions = (
				en,
				Base,
			);
			mainGroup = 2001E4DD2789D591007F171B;
			productRefGroup = 2001E4E72789D591007F171B /* Products */;
			projectDirPath = "";
			projectRoot = "";
			targets = (
				2001E4E52789D591007F171B /* 下拉二楼 */,
			);
		};
/* End PBXProject section */

/* Begin PBXResourcesBuildPhase section */
		2001E4E42789D591007F171B /* Resources */ = {
			isa = PBXResourcesBuildPhase;
			buildActionMask = 2147483647;
			files = (
				2001E50D2789D658007F171B /* Main.storyboard in Resources */,
				2001E4F92789D595007F171B /* LaunchScreen.storyboard in Resources */,
				2001E4F62789D595007F171B /* Assets.xcassets in Resources */,
			);
			runOnlyForDeploymentPostprocessing = 0;
		};
/* End PBXResourcesBuildPhase section */

/* Begin PBXSourcesBuildPhase section */
		2001E4E22789D591007F171B /* Sources */ = {
			isa = PBXSourcesBuildPhase;
			buildActionMask = 2147483647;
			files = (
				2001E50A2789D61F007F171B /* AppDelegate.m in Sources */,
				2001E5082789D61F007F171B /* ViewController.m in Sources */,
				2001E5092789D61F007F171B /* SceneDelegate.m in Sources */,
				2001E4FC2789D595007F171B /* main.m in Sources */,
			);
			runOnlyForDeploymentPostprocessing = 0;
		};
/* End PBXSourcesBuildPhase section */

/* Begin PBXVariantGroup section */
		2001E4F72789D595007F171B /* LaunchScreen.storyboard */ = {
			isa = PBXVariantGroup;
			children = (
				2001E4F82789D595007F171B /* Base */,
			);
			name = LaunchScreen.storyboard;
			sourceTree = "<group>";
		};
		2001E50B2789D658007F171B /* Main.storyboard */ = {
			isa = PBXVariantGroup;
			children = (
				2001E50C2789D658007F171B /* Base */,
			);
			name = Main.storyboard;
			sourceTree = "<group>";
		};
/* End PBXVariantGroup section */

/* Begin XCBuildConfiguration section */
		2001E4FD2789D595007F171B /* Debug */ = {
			isa = XCBuildConfiguration;
			buildSettings = {
				ALWAYS_SEARCH_USER_PATHS = NO;
				CLANG_ANALYZER_NONNULL = YES;
				CLANG_ANALYZER_NUMBER_OBJECT_CONVERSION = YES_AGGRESSIVE;
				CLANG_CXX_LANGUAGE_STANDARD = "gnu++14";
				CLANG_CXX_LIBRARY = "libc++";
				CLANG_ENABLE_MODULES = YES;
				CLANG_ENABLE_OBJC_ARC = YES;
				CLANG_ENABLE_OBJC_WEAK = YES;
				CLANG_WARN_BLOCK_CAPTURE_AUTORELEASING = YES;
				CLANG_WARN_BOOL_CONVERSION = YES;
				CLANG_WARN_COMMA = YES;
				CLANG_WARN_CONSTANT_CONVERSION = YES;
				CLANG_WARN_DEPRECATED_OBJC_IMPLEMENTATIONS = YES;
				CLANG_WARN_DIRECT_OBJC_ISA_USAGE = YES_ERROR;
				CLANG_WARN_DOCUMENTATION_COMMENTS = YES;
				CLANG_WARN_EMPTY_BODY = YES;
				CLANG_WARN_ENUM_CONVERSION = YES;
				CLANG_WARN_INFINITE_RECURSION = YES;
				CLANG_WARN_INT_CONVERSION = YES;
				CLANG_WARN_NON_LITERAL_NULL_CONVERSION = YES;
				CLANG_WARN_OBJC_IMPLICIT_RETAIN_SELF = YES;
				CLANG_WARN_OBJC_LITERAL_CONVERSION = YES;
				CLANG_WARN_OBJC_ROOT_CLASS = YES_ERROR;
				CLANG_WARN_QUOTED_INCLUDE_IN_FRAMEWORK_HEADER = YES;
				CLANG_WARN_RANGE_LOOP_ANALYSIS = YES;
				CLANG_WARN_STRICT_PROTOTYPES = YES;
				CLANG_WARN_SUSPICIOUS_MOVE = YES;
				CLANG_WARN_UNGUARDED_AVAILABILITY = YES_AGGRESSIVE;
				CLANG_WARN_UNREACHABLE_CODE = YES;
				CLANG_WARN__DUPLICATE_METHOD_MATCH = YES;
				COPY_PHASE_STRIP = NO;
				DEBUG_INFORMATION_FORMAT = dwarf;
				ENABLE_STRICT_OBJC_MSGSEND = YES;
				ENABLE_TESTABILITY = YES;
				GCC_C_LANGUAGE_STANDARD = gnu11;
				GCC_DYNAMIC_NO_PIC = NO;
				GCC_NO_COMMON_BLOCKS = YES;
				GCC_OPTIMIZATION_LEVEL = 0;
				GCC_PREPROCESSOR_DEFINITIONS = (
					"DEBUG=1",
					"$(inherited)",
				);
				GCC_WARN_64_TO_32_BIT_CONVERSION = YES;
				GCC_WARN_ABOUT_RETURN_TYPE = YES_ERROR;
				GCC_WARN_UNDECLARED_SELECTOR = YES;
				GCC_WARN_UNINITIALIZED_AUTOS = YES_AGGRESSIVE;
				GCC_WARN_UNUSED_FUNCTION = YES;
				GCC_WARN_UNUSED_VARIABLE = YES;
				IPHONEOS_DEPLOYMENT_TARGET = 14.5;
				MTL_ENABLE_DEBUG_INFO = INCLUDE_SOURCE;
				MTL_FAST_MATH = YES;
				ONLY_ACTIVE_ARCH = YES;
				SDKROOT = iphoneos;
			};
			name = Debug;
		};
		2001E4FE2789D595007F171B /* Release */ = {
			isa = XCBuildConfiguration;
			buildSettings = {
				ALWAYS_SEARCH_USER_PATHS = NO;
				CLANG_ANALYZER_NONNULL = YES;
				CLANG_ANALYZER_NUMBER_OBJECT_CONVERSION = YES_AGGRESSIVE;
				CLANG_CXX_LANGUAGE_STANDARD = "gnu++14";
				CLANG_CXX_LIBRARY = "libc++";
				CLANG_ENABLE_MODULES = YES;
				CLANG_ENABLE_OBJC_ARC = YES;
				CLANG_ENABLE_OBJC_WEAK = YES;
				CLANG_WARN_BLOCK_CAPTURE_AUTORELEASING = YES;
				CLANG_WARN_BOOL_CONVERSION = YES;
				CLANG_WARN_COMMA = YES;
				CLANG_WARN_CONSTANT_CONVERSION = YES;
				CLANG_WARN_DEPRECATED_OBJC_IMPLEMENTATIONS = YES;
				CLANG_WARN_DIRECT_OBJC_ISA_USAGE = YES_ERROR;
				CLANG_WARN_DOCUMENTATION_COMMENTS = YES;
				CLANG_WARN_EMPTY_BODY = YES;
				CLANG_WARN_ENUM_CONVERSION = YES;
				CLANG_WARN_INFINITE_RECURSION = YES;
				CLANG_WARN_INT_CONVERSION = YES;
				CLANG_WARN_NON_LITERAL_NULL_CONVERSION = YES;
				CLANG_WARN_OBJC_IMPLICIT_RETAIN_SELF = YES;
				CLANG_WARN_OBJC_LITERAL_CONVERSION = YES;
				CLANG_WARN_OBJC_ROOT_CLASS = YES_ERROR;
				CLANG_WARN_QUOTED_INCLUDE_IN_FRAMEWORK_HEADER = YES;
				CLANG_WARN_RANGE_LOOP_ANALYSIS = YES;
				CLANG_WARN_STRICT_PROTOTYPES = YES;
				CLANG_WARN_SUSPICIOUS_MOVE = YES;
				CLANG_WARN_UNGUARDED_AVAILABILITY = YES_AGGRESSIVE;
				CLANG_WARN_UNREACHABLE_CODE = YES;
				CLANG_WARN__DUPLICATE_METHOD_MATCH = YES;
				COPY_PHASE_STRIP = NO;
				DEBUG_INFORMATION_FORMAT = "dwarf-with-dsym";
				ENABLE_NS_ASSERTIONS = NO;
				ENABLE_STRICT_OBJC_MSGSEND = YES;
				GCC_C_LANGUAGE_STANDARD = gnu11;
				GCC_NO_COMMON_BLOCKS = YES;
				GCC_WARN_64_TO_32_BIT_CONVERSION = YES;
				GCC_WARN_ABOUT_RETURN_TYPE = YES_ERROR;
				GCC_WARN_UNDECLARED_SELECTOR = YES;
				GCC_WARN_UNINITIALIZED_AUTOS = YES_AGGRESSIVE;
				GCC_WARN_UNUSED_FUNCTION = YES;
				GCC_WARN_UNUSED_VARIABLE = YES;
				IPHONEOS_DEPLOYMENT_TARGET = 14.5;
				MTL_ENABLE_DEBUG_INFO = NO;
				MTL_FAST_MATH = YES;
				SDKROOT = iphoneos;
				VALIDATE_PRODUCT = YES;
			};
			name = Release;
		};
		2001E5002789D595007F171B /* Debug */ = {
			isa = XCBuildConfiguration;
			buildSettings = {
				ASSETCATALOG_COMPILER_APPICON_NAME = AppIcon;
				ASSETCATALOG_COMPILER_GLOBAL_ACCENT_COLOR_NAME = AccentColor;
				CODE_SIGN_STYLE = Automatic;
				DEVELOPMENT_TEAM = 885REWAH9Y;
				INFOPLIST_FILE = "下拉二楼/Info.plist";
				LD_RUNPATH_SEARCH_PATHS = (
					"$(inherited)",
					"@executable_path/Frameworks",
				);
				PRODUCT_BUNDLE_IDENTIFIER = "wing.----";
				PRODUCT_NAME = "$(TARGET_NAME)";
				TARGETED_DEVICE_FAMILY = "1,2";
			};
			name = Debug;
		};
		2001E5012789D595007F171B /* Release */ = {
			isa = XCBuildConfiguration;
			buildSettings = {
				ASSETCATALOG_COMPILER_APPICON_NAME = AppIcon;
				ASSETCATALOG_COMPILER_GLOBAL_ACCENT_COLOR_NAME = AccentColor;
				CODE_SIGN_STYLE = Automatic;
				DEVELOPMENT_TEAM = 885REWAH9Y;
				INFOPLIST_FILE = "下拉二楼/Info.plist";
				LD_RUNPATH_SEARCH_PATHS = (
					"$(inherited)",
					"@executable_path/Frameworks",
				);
				PRODUCT_BUNDLE_IDENTIFIER = "wing.----";
				PRODUCT_NAME = "$(TARGET_NAME)";
				TARGETED_DEVICE_FAMILY = "1,2";
			};
			name = Release;
		};
/* End XCBuildConfiguration section */

/* Begin XCConfigurationList section */
		2001E4E12789D591007F171B /* Build configuration list for PBXProject "下拉二楼" */ = {
			isa = XCConfigurationList;
			buildConfigurations = (
				2001E4FD2789D595007F171B /* Debug */,
				2001E4FE2789D595007F171B /* Release */,
			);
			defaultConfigurationIsVisible = 0;
			defaultConfigurationName = Release;
		};
		2001E4FF2789D595007F171B /* Build configuration list for PBXNativeTarget "下拉二楼" */ = {
			isa = XCConfigurationList;
			buildConfigurations = (
				2001E5002789D595007F171B /* Debug */,
				2001E5012789D595007F171B /* Release */,
			);
			defaultConfigurationIsVisible = 0;
			defaultConfigurationName = Release;
		};
/* End XCConfigurationList section */
	};
	rootObject = 2001E4DE2789D591007F171B /* Project object */;
}
